
Microsoft Visual Studio Solution File, Format Version 12.00
# Visual Studio 14
VisualStudioVersion = 14.0.25420.1
MinimumVisualStudioVersion = 10.0.40219.1
Project("{FAE04EC0-301F-11D3-BF4B-00C04F79EFBC}") = "Knapsack", "Knapsack\Knapsack.csproj", "{F6810234-9868-4942-821B-B3372CDDFB7E}"
EndProject
Project("{FAE04EC0-301F-11D3-BF4B-00C04F79EFBC}") = "UnitTests", "UnitTests\UnitTests.csproj", "{426B4393-2501-4A20-B673-E635B9950ABB}"
EndProject
Project("{FAE04EC0-301F-11D3-BF4B-00C04F79EFBC}") = "Demo", "Demo\Demo.csproj", "{32E5AAB1-74DE-4921-B1EF-84405378326C}"
EndProject
Global
	GlobalSection(SolutionConfigurationPlatforms) = preSolution
		Debug|Any CPU = Debug|Any CPU
		Release|Any CPU = Release|Any CPU
	EndGlobalSection
	GlobalSection(ProjectConfigurationPlatforms) = postSolution
		{F6810234-9868-4942-821B-B3372CDDFB7E}.Debug|Any CPU.ActiveCfg = Debug|Any CPU
		{F6810234-9868-4942-821B-B3372CDDFB7E}.Debug|Any CPU.Build.0 = Debug|Any CPU
		{F6810234-9868-4942-821B-B3372CDDFB7E}.Release|Any CPU.ActiveCfg = Release|Any CPU
		{F6810234-9868-4942-821B-B3372CDDFB7E}.Release|Any CPU.Build.0 = Release|Any CPU
		{426B4393-2501-4A20-B673-E635B9950ABB}.Debug|Any CPU.ActiveCfg = Debug|Any CPU
		{426B4393-2501-4A20-B673-E635B9950ABB}.Debug|Any CPU.Build.0 = Debug|Any CPU
		{426B4393-2501-4A20-B673-E635B9950ABB}.Release|Any CPU.ActiveCfg = Release|Any CPU
		{426B4393-2501-4A20-B673-E635B9950ABB}.Release|Any CPU.Build.0 = Release|Any CPU
		{32E5AAB1-74DE-4921-B1EF-84405378326C}.Debug|Any CPU.ActiveCfg = Debug|Any CPU
		{32E5AAB1-74DE-4921-B1EF-84405378326C}.Debug|Any CPU.Build.0 = Debug|Any CPU
		{32E5AAB1-74DE-4921-B1EF-84405378326C}.Release|Any CPU.ActiveCfg = Release|Any CPU
		{32E5AAB1-74DE-4921-B1EF-84405378326C}.Release|Any CPU.Build.0 = Release|Any CPU
	EndGlobalSection
	GlobalSection(SolutionProperties) = preSolution
		HideSolutionNode = FALSE
	EndGlobalSection
EndGlobal
